
Microsoft Visual Studio Solution File, Format Version 12.00
# Visual Studio Version 17
VisualStudioVersion = 17.1.32210.238
MinimumVisualStudioVersion = 10.0.40219.1
Project("{FAE04EC0-301F-11D3-BF4B-00C04F79EFBC}") = "Linije_73_2019", "Linije_73_2019.csproj", "{64F01F86-53A1-4060-B455-6F81DC8F75AD}"
EndProject
Global
	GlobalSection(SolutionConfigurationPlatforms) = preSolution
		Debug|Any CPU = Debug|Any CPU
		Release|Any CPU = Release|Any CPU
	EndGlobalSection
	GlobalSection(ProjectConfigurationPlatforms) = postSolution
		{64F01F86-53A1-4060-B455-6F81DC8F75AD}.Debug|Any CPU.ActiveCfg = Debug|Any CPU
		{64F01F86-53A1-4060-B455-6F81DC8F75AD}.Debug|Any CPU.Build.0 = Debug|Any CPU
		{64F01F86-53A1-4060-B455-6F81DC8F75AD}.Release|Any CPU.ActiveCfg = Release|Any CPU
		{64F01F86-53A1-4060-B455-6F81DC8F75AD}.Release|Any CPU.Build.0 = Release|Any CPU
	EndGlobalSection
	GlobalSection(SolutionProperties) = preSolution
		HideSolutionNode = FALSE
	EndGlobalSection
	GlobalSection(ExtensibilityGlobals) = postSolution
		SolutionGuid = {321DE339-00E5-4A36-A7DE-B20A4EC1135B}
	EndGlobalSection
EndGlobal
